
Microsoft Visual Studio Solution File, Format Version 12.00
# Visual Studio Version 17
VisualStudioVersion = 17.8.34525.116
MinimumVisualStudioVersion = 10.0.40219.1
Project("{FAE04EC0-301F-11D3-BF4B-00C04F79EFBC}") = "WalkInDrive", "WalkInDrive.csproj", "{EE880947-0ED0-4C1B-8732-39173D7D9BD5}"
EndProject
Global
	GlobalSection(SolutionConfigurationPlatforms) = preSolution
		Debug|Any CPU = Debug|Any CPU
		Release|Any CPU = Release|Any CPU
	EndGlobalSection
	GlobalSection(ProjectConfigurationPlatforms) = postSolution
		{EE880947-0ED0-4C1B-8732-39173D7D9BD5}.Debug|Any CPU.ActiveCfg = Debug|Any CPU
		{EE880947-0ED0-4C1B-8732-39173D7D9BD5}.Debug|Any CPU.Build.0 = Debug|Any CPU
		{EE880947-0ED0-4C1B-8732-39173D7D9BD5}.Release|Any CPU.ActiveCfg = Release|Any CPU
		{EE880947-0ED0-4C1B-8732-39173D7D9BD5}.Release|Any CPU.Build.0 = Release|Any CPU
	EndGlobalSection
	GlobalSection(SolutionProperties) = preSolution
		HideSolutionNode = FALSE
	EndGlobalSection
	GlobalSection(ExtensibilityGlobals) = postSolution
		SolutionGuid = {0CEDED0C-135B-499A-9328-7543CE9FCD1D}
	EndGlobalSection
EndGlobal
